<?xml version="1.0" encoding="utf-8"?>
<Project ToolsVersion="4.0" xmlns="http://schemas.microsoft.com/developer/msbuild/2003">
  <ItemGroup>
    <Filter Include="examples">
      <UniqueIdentifier>{1A0DBEC2-217B-6545-83E3-7B8DC1A10102}</UniqueIdentifier>
    </Filter>
    <Filter Include="examples\ThirdPartyLibs">
      <UniqueIdentifier>{6CCDCF7F-EDCA-5145-A10E-3295FFCE3D26}</UniqueIdentifier>
    </Filter>
    <Filter Include="examples\ThirdPartyLibs\Glew">
      <UniqueIdentifier>{5A0ECD8B-29E2-E34F-92FD-514D802BC025}</UniqueIdentifier>
    </Filter>
    <Filter Include="examples\TinyRenderer">
      <UniqueIdentifier>{D5C8A8D5-DDB9-A242-B672-C3BAFA813487}</UniqueIdentifier>
    </Filter>
    <Filter Include="examples\Utils">
      <UniqueIdentifier>{9DBF0B58-5A6D-354B-996F-67A67DB1A608}</UniqueIdentifier>
    </Filter>
  </ItemGroup>
  <ItemGroup>
    <ClInclude Include="..\..\examples\TinyRenderer\geometry.h">
      <Filter>examples\TinyRenderer</Filter>
    </ClInclude>
    <ClInclude Include="..\..\examples\TinyRenderer\model.h">
      <Filter>examples\TinyRenderer</Filter>
    </ClInclude>
    <ClInclude Include="..\..\examples\TinyRenderer\our_gl.h">
      <Filter>examples\TinyRenderer</Filter>
    </ClInclude>
    <ClInclude Include="..\..\examples\TinyRenderer\tgaimage.h">
      <Filter>examples\TinyRenderer</Filter>
    </ClInclude>
    <ClInclude Include="..\..\examples\TinyRenderer\TinyRenderer.h">
      <Filter>examples\TinyRenderer</Filter>
    </ClInclude>
  </ItemGroup>
  <ItemGroup>
    <ClCompile Include="..\..\examples\ThirdPartyLibs\Glew\glew.c">
      <Filter>examples\ThirdPartyLibs\Glew</Filter>
    </ClCompile>
    <ClCompile Include="..\..\examples\TinyRenderer\geometry.cpp">
      <Filter>examples\TinyRenderer</Filter>
    </ClCompile>
    <ClCompile Include="..\..\examples\TinyRenderer\main.cpp">
      <Filter>examples\TinyRenderer</Filter>
    </ClCompile>
    <ClCompile Include="..\..\examples\TinyRenderer\model.cpp">
      <Filter>examples\TinyRenderer</Filter>
    </ClCompile>
    <ClCompile Include="..\..\examples\TinyRenderer\our_gl.cpp">
      <Filter>examples\TinyRenderer</Filter>
    </ClCompile>
    <ClCompile Include="..\..\examples\TinyRenderer\tgaimage.cpp">
      <Filter>examples\TinyRenderer</Filter>
    </ClCompile>
    <ClCompile Include="..\..\examples\TinyRenderer\TinyRenderer.cpp">
      <Filter>examples\TinyRenderer</Filter>
    </ClCompile>
    <ClCompile Include="..\..\examples\Utils\b3ResourcePath.cpp">
      <Filter>examples\Utils</Filter>
    </ClCompile>
  </ItemGroup>
</Project>
