<?xml version="1.0" encoding="utf-8"?>
<Project ToolsVersion="4.0" xmlns="http://schemas.microsoft.com/developer/msbuild/2003">
  <ItemGroup>
    <Filter Include="examples">
      <UniqueIdentifier>{C54A434F-8954-2D4A-A950-7D368E09A1E5}</UniqueIdentifier>
    </Filter>
    <Filter Include="examples\ThirdPartyLibs">
      <UniqueIdentifier>{F378D7E2-7D05-3144-AF3D-62103C2C5A1C}</UniqueIdentifier>
    </Filter>
    <Filter Include="examples\ThirdPartyLibs\Glew">
      <UniqueIdentifier>{9BA57440-2EF0-4345-BBD9-5AF936045AB3}</UniqueIdentifier>
    </Filter>
    <Filter Include="examples\BasicDemo">
      <UniqueIdentifier>{05B8D1E0-CA56-0D4F-8CF3-D77314AB0AB8}</UniqueIdentifier>
    </Filter>
    <Filter Include="examples\StandaloneMain">
      <UniqueIdentifier>{9D728A8A-8546-2D45-B821-6EFAB0CD1AF4}</UniqueIdentifier>
    </Filter>
    <Filter Include="examples\ExampleBrowser">
      <UniqueIdentifier>{3CDB511C-8229-8B48-A66E-B10DC6243343}</UniqueIdentifier>
    </Filter>
    <Filter Include="examples\TinyRenderer">
      <UniqueIdentifier>{17B1FD97-7429-3241-B8AF-EEB1D033814F}</UniqueIdentifier>
    </Filter>
    <Filter Include="examples\Utils">
      <UniqueIdentifier>{7376872E-7FC5-D342-AEB9-85153D5E5E39}</UniqueIdentifier>
    </Filter>
  </ItemGroup>
  <ItemGroup>
    <ClInclude Include="..\..\examples\BasicDemo\BasicExample.h">
      <Filter>examples\BasicDemo</Filter>
    </ClInclude>
    <ClInclude Include="..\..\examples\Utils\b3Clock.h">
      <Filter>examples\Utils</Filter>
    </ClInclude>
  </ItemGroup>
  <ItemGroup>
    <ClCompile Include="..\..\examples\ThirdPartyLibs\Glew\glew.c">
      <Filter>examples\ThirdPartyLibs\Glew</Filter>
    </ClCompile>
    <ClCompile Include="..\..\examples\BasicDemo\BasicExample.cpp">
      <Filter>examples\BasicDemo</Filter>
    </ClCompile>
    <ClCompile Include="..\..\examples\StandaloneMain\main_sw_tinyrenderer_single_example.cpp">
      <Filter>examples\StandaloneMain</Filter>
    </ClCompile>
    <ClCompile Include="..\..\examples\ExampleBrowser\OpenGLGuiHelper.cpp">
      <Filter>examples\ExampleBrowser</Filter>
    </ClCompile>
    <ClCompile Include="..\..\examples\ExampleBrowser\GL_ShapeDrawer.cpp">
      <Filter>examples\ExampleBrowser</Filter>
    </ClCompile>
    <ClCompile Include="..\..\examples\ExampleBrowser\CollisionShape2TriangleMesh.cpp">
      <Filter>examples\ExampleBrowser</Filter>
    </ClCompile>
    <ClCompile Include="..\..\examples\TinyRenderer\geometry.cpp">
      <Filter>examples\TinyRenderer</Filter>
    </ClCompile>
    <ClCompile Include="..\..\examples\TinyRenderer\model.cpp">
      <Filter>examples\TinyRenderer</Filter>
    </ClCompile>
    <ClCompile Include="..\..\examples\TinyRenderer\tgaimage.cpp">
      <Filter>examples\TinyRenderer</Filter>
    </ClCompile>
    <ClCompile Include="..\..\examples\TinyRenderer\our_gl.cpp">
      <Filter>examples\TinyRenderer</Filter>
    </ClCompile>
    <ClCompile Include="..\..\examples\TinyRenderer\TinyRenderer.cpp">
      <Filter>examples\TinyRenderer</Filter>
    </ClCompile>
    <ClCompile Include="..\..\examples\Utils\b3ResourcePath.cpp">
      <Filter>examples\Utils</Filter>
    </ClCompile>
    <ClCompile Include="..\..\examples\Utils\b3Clock.cpp">
      <Filter>examples\Utils</Filter>
    </ClCompile>
  </ItemGroup>
</Project>
