<?xml version="1.0" encoding="utf-8"?>
<Project ToolsVersion="4.0" xmlns="http://schemas.microsoft.com/developer/msbuild/2003">
  <ItemGroup>
    <Filter Include="Extras">
      <UniqueIdentifier>{63281BE6-A4FD-FA4B-BF74-4B00D4B9D33F}</UniqueIdentifier>
    </Filter>
    <Filter Include="Extras\Serialize">
      <UniqueIdentifier>{4328B17A-D25E-6A4B-B277-72F4F9C64A0E}</UniqueIdentifier>
    </Filter>
    <Filter Include="Extras\Serialize\BulletFileLoader">
      <UniqueIdentifier>{465EA990-D7AE-7F4C-B0D1-BC15D9AF1870}</UniqueIdentifier>
    </Filter>
    <Filter Include="Extras\Serialize\BulletFileLoader\autogenerated">
      <UniqueIdentifier>{766C4C1C-D5AE-AB42-9686-721F7AFFBE51}</UniqueIdentifier>
    </Filter>
  </ItemGroup>
  <ItemGroup>
    <ClInclude Include="..\..\Extras\Serialize\BulletFileLoader\bChunk.h">
      <Filter>Extras\Serialize\BulletFileLoader</Filter>
    </ClInclude>
    <ClInclude Include="..\..\Extras\Serialize\BulletFileLoader\bCommon.h">
      <Filter>Extras\Serialize\BulletFileLoader</Filter>
    </ClInclude>
    <ClInclude Include="..\..\Extras\Serialize\BulletFileLoader\bDefines.h">
      <Filter>Extras\Serialize\BulletFileLoader</Filter>
    </ClInclude>
    <ClInclude Include="..\..\Extras\Serialize\BulletFileLoader\bDNA.h">
      <Filter>Extras\Serialize\BulletFileLoader</Filter>
    </ClInclude>
    <ClInclude Include="..\..\Extras\Serialize\BulletFileLoader\bFile.h">
      <Filter>Extras\Serialize\BulletFileLoader</Filter>
    </ClInclude>
    <ClInclude Include="..\..\Extras\Serialize\BulletFileLoader\btBulletFile.h">
      <Filter>Extras\Serialize\BulletFileLoader</Filter>
    </ClInclude>
    <ClInclude Include="..\..\Extras\Serialize\BulletFileLoader\autogenerated\bullet.h">
      <Filter>Extras\Serialize\BulletFileLoader\autogenerated</Filter>
    </ClInclude>
  </ItemGroup>
  <ItemGroup>
    <ClCompile Include="..\..\Extras\Serialize\BulletFileLoader\bChunk.cpp">
      <Filter>Extras\Serialize\BulletFileLoader</Filter>
    </ClCompile>
    <ClCompile Include="..\..\Extras\Serialize\BulletFileLoader\bDNA.cpp">
      <Filter>Extras\Serialize\BulletFileLoader</Filter>
    </ClCompile>
    <ClCompile Include="..\..\Extras\Serialize\BulletFileLoader\bFile.cpp">
      <Filter>Extras\Serialize\BulletFileLoader</Filter>
    </ClCompile>
    <ClCompile Include="..\..\Extras\Serialize\BulletFileLoader\btBulletFile.cpp">
      <Filter>Extras\Serialize\BulletFileLoader</Filter>
    </ClCompile>
  </ItemGroup>
</Project>
