<?xml version="1.0" encoding="utf-8"?>
<Project ToolsVersion="4.0" xmlns="http://schemas.microsoft.com/developer/msbuild/2003">
  <ItemGroup>
    <Filter Include="test">
      <UniqueIdentifier>{A7904677-88FC-3147-9085-5DCE8B19880B}</UniqueIdentifier>
    </Filter>
    <Filter Include="test\InverseDynamics">
      <UniqueIdentifier>{8E75029C-3040-714C-8AC7-50D232C0028A}</UniqueIdentifier>
    </Filter>
  </ItemGroup>
  <ItemGroup>
    <ClCompile Include="..\..\test\InverseDynamics\test_invdyn_kinematics.cpp">
      <Filter>test\InverseDynamics</Filter>
    </ClCompile>
  </ItemGroup>
</Project>
